// !$*UTF8*$!
{
	archiveVersion = 1;
	classes = {
	};
	objectVersion = 46;
	objects = {

/* Begin PBXBuildFile section */
		D941A1C41A8048C400606AF0 /* AppDelegate.swift in Sources */ = {isa = PBXBuildFile; fileRef = D941A1C31A8048C400606AF0 /* AppDelegate.swift */; };
		D941A1C61A8048C400606AF0 /* ViewController.swift in Sources */ = {isa = PBXBuildFile; fileRef = D941A1C51A8048C400606AF0 /* ViewController.swift */; };
		D941A1C91A8048C500606AF0 /* Main.storyboard in Resources */ = {isa = PBXBuildFile; fileRef = D941A1C71A8048C500606AF0 /* Main.storyboard */; };
		D941A1CB1A8048C500606AF0 /* Images.xcassets in Resources */ = {isa = PBXBuildFile; fileRef = D941A1CA1A8048C500606AF0 /* Images.xcassets */; };
		D941A1CE1A8048C500606AF0 /* LaunchScreen.xib in Resources */ = {isa = PBXBuildFile; fileRef = D941A1CC1A8048C500606AF0 /* LaunchScreen.xib */; };
		D941A1DA1A8048C500606AF0 /* RufRufTests.swift in Sources */ = {isa = PBXBuildFile; fileRef = D941A1D91A8048C500606AF0 /* RufRufTests.swift */; };
		D941A1E41A80495E00606AF0 /* QuestionManagerModel.swift in Sources */ = {isa = PBXBuildFile; fileRef = D941A1E31A80495E00606AF0 /* QuestionManagerModel.swift */; };
		D9E54FB71A818CFD007E9BE3 /* InterfaceController.swift in Sources */ = {isa = PBXBuildFile; fileRef = D9E54FB61A818CFD007E9BE3 /* InterfaceController.swift */; };
		D9E54FB91A818CFD007E9BE3 /* Images.xcassets in Resources */ = {isa = PBXBuildFile; fileRef = D9E54FB81A818CFD007E9BE3 /* Images.xcassets */; };
		D9E54FBD1A818CFD007E9BE3 /* RufRuf WatchKit App.app in Resources */ = {isa = PBXBuildFile; fileRef = D9E54FBC1A818CFD007E9BE3 /* RufRuf WatchKit App.app */; };
		D9E54FC51A818CFD007E9BE3 /* Interface.storyboard in Resources */ = {isa = PBXBuildFile; fileRef = D9E54FC31A818CFD007E9BE3 /* Interface.storyboard */; };
		D9E54FC71A818CFD007E9BE3 /* Images.xcassets in Resources */ = {isa = PBXBuildFile; fileRef = D9E54FC61A818CFD007E9BE3 /* Images.xcassets */; };
		D9E54FCA1A818CFD007E9BE3 /* RufRuf WatchKit Extension.appex in Embed App Extensions */ = {isa = PBXBuildFile; fileRef = D9E54FB21A818CFD007E9BE3 /* RufRuf WatchKit Extension.appex */; settings = {ATTRIBUTES = (RemoveHeadersOnCopy, ); }; };
		D9E54FFD1A819512007E9BE3 /* QuestionManagerModel.swift in Sources */ = {isa = PBXBuildFile; fileRef = D941A1E31A80495E00606AF0 /* QuestionManagerModel.swift */; };
/* End PBXBuildFile section */

/* Begin PBXContainerItemProxy section */
		D941A1D41A8048C500606AF0 /* PBXContainerItemProxy */ = {
			isa = PBXContainerItemProxy;
			containerPortal = D941A1B61A8048C400606AF0 /* Project object */;
			proxyType = 1;
			remoteGlobalIDString = D941A1BD1A8048C400606AF0;
			remoteInfo = RufRuf;
		};
		D9E54FBE1A818CFD007E9BE3 /* PBXContainerItemProxy */ = {
			isa = PBXContainerItemProxy;
			containerPortal = D941A1B61A8048C400606AF0 /* Project object */;
			proxyType = 1;
			remoteGlobalIDString = D9E54FBB1A818CFD007E9BE3;
			remoteInfo = "RufRuf WatchKit App";
		};
		D9E54FC81A818CFD007E9BE3 /* PBXContainerItemProxy */ = {
			isa = PBXContainerItemProxy;
			containerPortal = D941A1B61A8048C400606AF0 /* Project object */;
			proxyType = 1;
			remoteGlobalIDString = D9E54FB11A818CFD007E9BE3;
			remoteInfo = "RufRuf WatchKit Extension";
		};
/* End PBXContainerItemProxy section */

/* Begin PBXCopyFilesBuildPhase section */
		D9E54FD11A818CFD007E9BE3 /* Embed App Extensions */ = {
			isa = PBXCopyFilesBuildPhase;
			buildActionMask = 2147483647;
			dstPath = "";
			dstSubfolderSpec = 13;
			files = (
				D9E54FCA1A818CFD007E9BE3 /* RufRuf WatchKit Extension.appex in Embed App Extensions */,
			);
			name = "Embed App Extensions";
			runOnlyForDeploymentPostprocessing = 0;
		};
/* End PBXCopyFilesBuildPhase section */

/* Begin PBXFileReference section */
		D941A1BE1A8048C400606AF0 /* RufRuf.app */ = {isa = PBXFileReference; explicitFileType = wrapper.application; includeInIndex = 0; path = RufRuf.app; sourceTree = BUILT_PRODUCTS_DIR; };
		D941A1C21A8048C400606AF0 /* Info.plist */ = {isa = PBXFileReference; lastKnownFileType = text.plist.xml; path = Info.plist; sourceTree = "<group>"; };
		D941A1C31A8048C400606AF0 /* AppDelegate.swift */ = {isa = PBXFileReference; lastKnownFileType = sourcecode.swift; path = AppDelegate.swift; sourceTree = "<group>"; };
		D941A1C51A8048C400606AF0 /* ViewController.swift */ = {isa = PBXFileReference; lastKnownFileType = sourcecode.swift; path = ViewController.swift; sourceTree = "<group>"; };
		D941A1C81A8048C500606AF0 /* Base */ = {isa = PBXFileReference; lastKnownFileType = file.storyboard; name = Base; path = Base.lproj/Main.storyboard; sourceTree = "<group>"; };
		D941A1CA1A8048C500606AF0 /* Images.xcassets */ = {isa = PBXFileReference; lastKnownFileType = folder.assetcatalog; path = Images.xcassets; sourceTree = "<group>"; };
		D941A1CD1A8048C500606AF0 /* Base */ = {isa = PBXFileReference; lastKnownFileType = file.xib; name = Base; path = Base.lproj/LaunchScreen.xib; sourceTree = "<group>"; };
		D941A1D31A8048C500606AF0 /* RufRufTests.xctest */ = {isa = PBXFileReference; explicitFileType = wrapper.cfbundle; includeInIndex = 0; path = RufRufTests.xctest; sourceTree = BUILT_PRODUCTS_DIR; };
		D941A1D81A8048C500606AF0 /* Info.plist */ = {isa = PBXFileReference; lastKnownFileType = text.plist.xml; path = Info.plist; sourceTree = "<group>"; };
		D941A1D91A8048C500606AF0 /* RufRufTests.swift */ = {isa = PBXFileReference; lastKnownFileType = sourcecode.swift; path = RufRufTests.swift; sourceTree = "<group>"; };
		D941A1E31A80495E00606AF0 /* QuestionManagerModel.swift */ = {isa = PBXFileReference; fileEncoding = 4; lastKnownFileType = sourcecode.swift; path = QuestionManagerModel.swift; sourceTree = "<group>"; };
		D9E54FB21A818CFD007E9BE3 /* RufRuf WatchKit Extension.appex */ = {isa = PBXFileReference; explicitFileType = "wrapper.app-extension"; includeInIndex = 0; path = "RufRuf WatchKit Extension.appex"; sourceTree = BUILT_PRODUCTS_DIR; };
		D9E54FB51A818CFD007E9BE3 /* Info.plist */ = {isa = PBXFileReference; lastKnownFileType = text.plist.xml; path = Info.plist; sourceTree = "<group>"; };
		D9E54FB61A818CFD007E9BE3 /* InterfaceController.swift */ = {isa = PBXFileReference; lastKnownFileType = sourcecode.swift; path = InterfaceController.swift; sourceTree = "<group>"; };
		D9E54FB81A818CFD007E9BE3 /* Images.xcassets */ = {isa = PBXFileReference; lastKnownFileType = folder.assetcatalog; path = Images.xcassets; sourceTree = "<group>"; };
		D9E54FBC1A818CFD007E9BE3 /* RufRuf WatchKit App.app */ = {isa = PBXFileReference; explicitFileType = wrapper.application; includeInIndex = 0; path = "RufRuf WatchKit App.app"; sourceTree = BUILT_PRODUCTS_DIR; };
		D9E54FC21A818CFD007E9BE3 /* Info.plist */ = {isa = PBXFileReference; lastKnownFileType = text.plist.xml; path = Info.plist; sourceTree = "<group>"; };
		D9E54FC41A818CFD007E9BE3 /* Base */ = {isa = PBXFileReference; lastKnownFileType = file.storyboard; name = Base; path = Base.lproj/Interface.storyboard; sourceTree = "<group>"; };
		D9E54FC61A818CFD007E9BE3 /* Images.xcassets */ = {isa = PBXFileReference; lastKnownFileType = folder.assetcatalog; path = Images.xcassets; sourceTree = "<group>"; };
/* End PBXFileReference section */

/* Begin PBXFrameworksBuildPhase section */
		D941A1BB1A8048C400606AF0 /* Frameworks */ = {
			isa = PBXFrameworksBuildPhase;
			buildActionMask = 2147483647;
			files = (
			);
			runOnlyForDeploymentPostprocessing = 0;
		};
		D941A1D01A8048C500606AF0 /* Frameworks */ = {
			isa = PBXFrameworksBuildPhase;
			buildActionMask = 2147483647;
			files = (
			);
			runOnlyForDeploymentPostprocessing = 0;
		};
		D9E54FAF1A818CFD007E9BE3 /* Frameworks */ = {
			isa = PBXFrameworksBuildPhase;
			buildActionMask = 2147483647;
			files = (
			);
			runOnlyForDeploymentPostprocessing = 0;
		};
/* End PBXFrameworksBuildPhase section */

/* Begin PBXGroup section */
		D941A1B51A8048C400606AF0 = {
			isa = PBXGroup;
			children = (
				D941A1E31A80495E00606AF0 /* QuestionManagerModel.swift */,
				D941A1C01A8048C400606AF0 /* RufRuf */,
				D941A1D61A8048C500606AF0 /* RufRufTests */,
				D9E54FB31A818CFD007E9BE3 /* RufRuf WatchKit Extension */,
				D9E54FC01A818CFD007E9BE3 /* RufRuf WatchKit App */,
				D941A1BF1A8048C400606AF0 /* Products */,
			);
			sourceTree = "<group>";
		};
		D941A1BF1A8048C400606AF0 /* Products */ = {
			isa = PBXGroup;
			children = (
				D941A1BE1A8048C400606AF0 /* RufRuf.app */,
				D941A1D31A8048C500606AF0 /* RufRufTests.xctest */,
				D9E54FB21A818CFD007E9BE3 /* RufRuf WatchKit Extension.appex */,
				D9E54FBC1A818CFD007E9BE3 /* RufRuf WatchKit App.app */,
			);
			name = Products;
			sourceTree = "<group>";
		};
		D941A1C01A8048C400606AF0 /* RufRuf */ = {
			isa = PBXGroup;
			children = (
				D941A1C31A8048C400606AF0 /* AppDelegate.swift */,
				D941A1C51A8048C400606AF0 /* ViewController.swift */,
				D941A1C71A8048C500606AF0 /* Main.storyboard */,
				D941A1CA1A8048C500606AF0 /* Images.xcassets */,
				D941A1CC1A8048C500606AF0 /* LaunchScreen.xib */,
				D941A1C11A8048C400606AF0 /* Supporting Files */,
			);
			path = RufRuf;
			sourceTree = "<group>";
		};
		D941A1C11A8048C400606AF0 /* Supporting Files */ = {
			isa = PBXGroup;
			children = (
				D941A1C21A8048C400606AF0 /* Info.plist */,
			);
			name = "Supporting Files";
			sourceTree = "<group>";
		};
		D941A1D61A8048C500606AF0 /* RufRufTests */ = {
			isa = PBXGroup;
			children = (
				D941A1D91A8048C500606AF0 /* RufRufTests.swift */,
				D941A1D71A8048C500606AF0 /* Supporting Files */,
			);
			path = RufRufTests;
			sourceTree = "<group>";
		};
		D941A1D71A8048C500606AF0 /* Supporting Files */ = {
			isa = PBXGroup;
			children = (
				D941A1D81A8048C500606AF0 /* Info.plist */,
			);
			name = "Supporting Files";
			sourceTree = "<group>";
		};
		D9E54FB31A818CFD007E9BE3 /* RufRuf WatchKit Extension */ = {
			isa = PBXGroup;
			children = (
				D9E54FB61A818CFD007E9BE3 /* InterfaceController.swift */,
				D9E54FB81A818CFD007E9BE3 /* Images.xcassets */,
				D9E54FB41A818CFD007E9BE3 /* Supporting Files */,
			);
			path = "RufRuf WatchKit Extension";
			sourceTree = "<group>";
		};
		D9E54FB41A818CFD007E9BE3 /* Supporting Files */ = {
			isa = PBXGroup;
			children = (
				D9E54FB51A818CFD007E9BE3 /* Info.plist */,
			);
			name = "Supporting Files";
			sourceTree = "<group>";
		};
		D9E54FC01A818CFD007E9BE3 /* RufRuf WatchKit App */ = {
			isa = PBXGroup;
			children = (
				D9E54FC31A818CFD007E9BE3 /* Interface.storyboard */,
				D9E54FC61A818CFD007E9BE3 /* Images.xcassets */,
				D9E54FC11A818CFD007E9BE3 /* Supporting Files */,
			);
			path = "RufRuf WatchKit App";
			sourceTree = "<group>";
		};
		D9E54FC11A818CFD007E9BE3 /* Supporting Files */ = {
			isa = PBXGroup;
			children = (
				D9E54FC21A818CFD007E9BE3 /* Info.plist */,
			);
			name = "Supporting Files";
			sourceTree = "<group>";
		};
/* End PBXGroup section */

/* Begin PBXNativeTarget section */
		D941A1BD1A8048C400606AF0 /* RufRuf */ = {
			isa = PBXNativeTarget;
			buildConfigurationList = D941A1DD1A8048C500606AF0 /* Build configuration list for PBXNativeTarget "RufRuf" */;
			buildPhases = (
				D941A1BA1A8048C400606AF0 /* Sources */,
				D941A1BB1A8048C400606AF0 /* Frameworks */,
				D941A1BC1A8048C400606AF0 /* Resources */,
				D9E54FD11A818CFD007E9BE3 /* Embed App Extensions */,
			);
			buildRules = (
			);
			dependencies = (
				D9E54FC91A818CFD007E9BE3 /* PBXTargetDependency */,
			);
			name = RufRuf;
			productName = RufRuf;
			productReference = D941A1BE1A8048C400606AF0 /* RufRuf.app */;
			productType = "com.apple.product-type.application";
		};
		D941A1D21A8048C500606AF0 /* RufRufTests */ = {
			isa = PBXNativeTarget;
			buildConfigurationList = D941A1E01A8048C500606AF0 /* Build configuration list for PBXNativeTarget "RufRufTests" */;
			buildPhases = (
				D941A1CF1A8048C500606AF0 /* Sources */,
				D941A1D01A8048C500606AF0 /* Frameworks */,
				D941A1D11A8048C500606AF0 /* Resources */,
			);
			buildRules = (
			);
			dependencies = (
				D941A1D51A8048C500606AF0 /* PBXTargetDependency */,
			);
			name = RufRufTests;
			productName = RufRufTests;
			productReference = D941A1D31A8048C500606AF0 /* RufRufTests.xctest */;
			productType = "com.apple.product-type.bundle.unit-test";
		};
		D9E54FB11A818CFD007E9BE3 /* RufRuf WatchKit Extension */ = {
			isa = PBXNativeTarget;
			buildConfigurationList = D9E54FD01A818CFD007E9BE3 /* Build configuration list for PBXNativeTarget "RufRuf WatchKit Extension" */;
			buildPhases = (
				D9E54FAE1A818CFD007E9BE3 /* Sources */,
				D9E54FAF1A818CFD007E9BE3 /* Frameworks */,
				D9E54FB01A818CFD007E9BE3 /* Resources */,
			);
			buildRules = (
			);
			dependencies = (
				D9E54FBF1A818CFD007E9BE3 /* PBXTargetDependency */,
			);
			name = "RufRuf WatchKit Extension";
			productName = "RufRuf WatchKit Extension";
			productReference = D9E54FB21A818CFD007E9BE3 /* RufRuf WatchKit Extension.appex */;
			productType = "com.apple.product-type.watchkit-extension";
		};
		D9E54FBB1A818CFD007E9BE3 /* RufRuf WatchKit App */ = {
			isa = PBXNativeTarget;
			buildConfigurationList = D9E54FCF1A818CFD007E9BE3 /* Build configuration list for PBXNativeTarget "RufRuf WatchKit App" */;
			buildPhases = (
				D9E54FBA1A818CFD007E9BE3 /* Resources */,
			);
			buildRules = (
			);
			dependencies = (
			);
			name = "RufRuf WatchKit App";
			productName = "RufRuf WatchKit App";
			productReference = D9E54FBC1A818CFD007E9BE3 /* RufRuf WatchKit App.app */;
			productType = "com.apple.product-type.application.watchapp";
		};
/* End PBXNativeTarget section */

/* Begin PBXProject section */
		D941A1B61A8048C400606AF0 /* Project object */ = {
			isa = PBXProject;
			attributes = {
				LastUpgradeCheck = 0610;
				ORGANIZATIONNAME = "Fatherstone Zenithpeak";
				TargetAttributes = {
					D941A1BD1A8048C400606AF0 = {
						CreatedOnToolsVersion = 6.1.1;
					};
					D941A1D21A8048C500606AF0 = {
						CreatedOnToolsVersion = 6.1.1;
						TestTargetID = D941A1BD1A8048C400606AF0;
					};
					D9E54FB11A818CFD007E9BE3 = {
						CreatedOnToolsVersion = 6.2;
					};
					D9E54FBB1A818CFD007E9BE3 = {
						CreatedOnToolsVersion = 6.2;
					};
				};
			};
			buildConfigurationList = D941A1B91A8048C400606AF0 /* Build configuration list for PBXProject "RufRuf" */;
			compatibilityVersion = "Xcode 3.2";
			developmentRegion = English;
			hasScannedForEncodings = 0;
			knownRegions = (
				en,
				Base,
			);
			mainGroup = D941A1B51A8048C400606AF0;
			productRefGroup = D941A1BF1A8048C400606AF0 /* Products */;
			projectDirPath = "";
			projectRoot = "";
			targets = (
				D941A1BD1A8048C400606AF0 /* RufRuf */,
				D941A1D21A8048C500606AF0 /* RufRufTests */,
				D9E54FB11A818CFD007E9BE3 /* RufRuf WatchKit Extension */,
				D9E54FBB1A818CFD007E9BE3 /* RufRuf WatchKit App */,
			);
		};
/* End PBXProject section */

/* Begin PBXResourcesBuildPhase section */
		D941A1BC1A8048C400606AF0 /* Resources */ = {
			isa = PBXResourcesBuildPhase;
			buildActionMask = 2147483647;
			files = (
				D941A1C91A8048C500606AF0 /* Main.storyboard in Resources */,
				D941A1CE1A8048C500606AF0 /* LaunchScreen.xib in Resources */,
				D941A1CB1A8048C500606AF0 /* Images.xcassets in Resources */,
			);
			runOnlyForDeploymentPostprocessing = 0;
		};
		D941A1D11A8048C500606AF0 /* Resources */ = {
			isa = PBXResourcesBuildPhase;
			buildActionMask = 2147483647;
			files = (
			);
			runOnlyForDeploymentPostprocessing = 0;
		};
		D9E54FB01A818CFD007E9BE3 /* Resources */ = {
			isa = PBXResourcesBuildPhase;
			buildActionMask = 2147483647;
			files = (
				D9E54FBD1A818CFD007E9BE3 /* RufRuf WatchKit App.app in Resources */,
				D9E54FB91A818CFD007E9BE3 /* Images.xcassets in Resources */,
			);
			runOnlyForDeploymentPostprocessing = 0;
		};
		D9E54FBA1A818CFD007E9BE3 /* Resources */ = {
			isa = PBXResourcesBuildPhase;
			buildActionMask = 2147483647;
			files = (
				D9E54FC51A818CFD007E9BE3 /* Interface.storyboard in Resources */,
				D9E54FC71A818CFD007E9BE3 /* Images.xcassets in Resources */,
			);
			runOnlyForDeploymentPostprocessing = 0;
		};
/* End PBXResourcesBuildPhase section */

/* Begin PBXSourcesBuildPhase section */
		D941A1BA1A8048C400606AF0 /* Sources */ = {
			isa = PBXSourcesBuildPhase;
			buildActionMask = 2147483647;
			files = (
				D941A1C61A8048C400606AF0 /* ViewController.swift in Sources */,
				D941A1E41A80495E00606AF0 /* QuestionManagerModel.swift in Sources */,
				D941A1C41A8048C400606AF0 /* AppDelegate.swift in Sources */,
			);
			runOnlyForDeploymentPostprocessing = 0;
		};
		D941A1CF1A8048C500606AF0 /* Sources */ = {
			isa = PBXSourcesBuildPhase;
			buildActionMask = 2147483647;
			files = (
				D941A1DA1A8048C500606AF0 /* RufRufTests.swift in Sources */,
			);
			runOnlyForDeploymentPostprocessing = 0;
		};
		D9E54FAE1A818CFD007E9BE3 /* Sources */ = {
			isa = PBXSourcesBuildPhase;
			buildActionMask = 2147483647;
			files = (
				D9E54FB71A818CFD007E9BE3 /* InterfaceController.swift in Sources */,
				D9E54FFD1A819512007E9BE3 /* QuestionManagerModel.swift in Sources */,
			);
			runOnlyForDeploymentPostprocessing = 0;
		};
/* End PBXSourcesBuildPhase section */

/* Begin PBXTargetDependency section */
		D941A1D51A8048C500606AF0 /* PBXTargetDependency */ = {
			isa = PBXTargetDependency;
			target = D941A1BD1A8048C400606AF0 /* RufRuf */;
			targetProxy = D941A1D41A8048C500606AF0 /* PBXContainerItemProxy */;
		};
		D9E54FBF1A818CFD007E9BE3 /* PBXTargetDependency */ = {
			isa = PBXTargetDependency;
			target = D9E54FBB1A818CFD007E9BE3 /* RufRuf WatchKit App */;
			targetProxy = D9E54FBE1A818CFD007E9BE3 /* PBXContainerItemProxy */;
		};
		D9E54FC91A818CFD007E9BE3 /* PBXTargetDependency */ = {
			isa = PBXTargetDependency;
			target = D9E54FB11A818CFD007E9BE3 /* RufRuf WatchKit Extension */;
			targetProxy = D9E54FC81A818CFD007E9BE3 /* PBXContainerItemProxy */;
		};
/* End PBXTargetDependency section */

/* Begin PBXVariantGroup section */
		D941A1C71A8048C500606AF0 /* Main.storyboard */ = {
			isa = PBXVariantGroup;
			children = (
				D941A1C81A8048C500606AF0 /* Base */,
			);
			name = Main.storyboard;
			sourceTree = "<group>";
		};
		D941A1CC1A8048C500606AF0 /* LaunchScreen.xib */ = {
			isa = PBXVariantGroup;
			children = (
				D941A1CD1A8048C500606AF0 /* Base */,
			);
			name = LaunchScreen.xib;
			sourceTree = "<group>";
		};
		D9E54FC31A818CFD007E9BE3 /* Interface.storyboard */ = {
			isa = PBXVariantGroup;
			children = (
				D9E54FC41A818CFD007E9BE3 /* Base */,
			);
			name = Interface.storyboard;
			sourceTree = "<group>";
		};
/* End PBXVariantGroup section */

/* Begin XCBuildConfiguration section */
		D941A1DB1A8048C500606AF0 /* Debug */ = {
			isa = XCBuildConfiguration;
			buildSettings = {
				ALWAYS_SEARCH_USER_PATHS = NO;
				CLANG_CXX_LANGUAGE_STANDARD = "gnu++0x";
				CLANG_CXX_LIBRARY = "libc++";
				CLANG_ENABLE_MODULES = YES;
				CLANG_ENABLE_OBJC_ARC = YES;
				CLANG_WARN_BOOL_CONVERSION = YES;
				CLANG_WARN_CONSTANT_CONVERSION = YES;
				CLANG_WARN_DIRECT_OBJC_ISA_USAGE = YES_ERROR;
				CLANG_WARN_EMPTY_BODY = YES;
				CLANG_WARN_ENUM_CONVERSION = YES;
				CLANG_WARN_INT_CONVERSION = YES;
				CLANG_WARN_OBJC_ROOT_CLASS = YES_ERROR;
				CLANG_WARN_UNREACHABLE_CODE = YES;
				CLANG_WARN__DUPLICATE_METHOD_MATCH = YES;
				"CODE_SIGN_IDENTITY[sdk=iphoneos*]" = "iPhone Developer";
				COPY_PHASE_STRIP = NO;
				ENABLE_STRICT_OBJC_MSGSEND = YES;
				GCC_C_LANGUAGE_STANDARD = gnu99;
				GCC_DYNAMIC_NO_PIC = NO;
				GCC_OPTIMIZATION_LEVEL = 0;
				GCC_PREPROCESSOR_DEFINITIONS = (
					"DEBUG=1",
					"$(inherited)",
				);
				GCC_SYMBOLS_PRIVATE_EXTERN = NO;
				GCC_WARN_64_TO_32_BIT_CONVERSION = YES;
				GCC_WARN_ABOUT_RETURN_TYPE = YES_ERROR;
				GCC_WARN_UNDECLARED_SELECTOR = YES;
				GCC_WARN_UNINITIALIZED_AUTOS = YES_AGGRESSIVE;
				GCC_WARN_UNUSED_FUNCTION = YES;
				GCC_WARN_UNUSED_VARIABLE = YES;
				IPHONEOS_DEPLOYMENT_TARGET = 8.1;
				MTL_ENABLE_DEBUG_INFO = YES;
				ONLY_ACTIVE_ARCH = YES;
				SDKROOT = iphoneos;
				SWIFT_OPTIMIZATION_LEVEL = "-Onone";
			};
			name = Debug;
		};
		D941A1DC1A8048C500606AF0 /* Release */ = {
			isa = XCBuildConfiguration;
			buildSettings = {
				ALWAYS_SEARCH_USER_PATHS = NO;
				CLANG_CXX_LANGUAGE_STANDARD = "gnu++0x";
				CLANG_CXX_LIBRARY = "libc++";
				CLANG_ENABLE_MODULES = YES;
				CLANG_ENABLE_OBJC_ARC = YES;
				CLANG_WARN_BOOL_CONVERSION = YES;
				CLANG_WARN_CONSTANT_CONVERSION = YES;
				CLANG_WARN_DIRECT_OBJC_ISA_USAGE = YES_ERROR;
				CLANG_WARN_EMPTY_BODY = YES;
				CLANG_WARN_ENUM_CONVERSION = YES;
				CLANG_WARN_INT_CONVERSION = YES;
				CLANG_WARN_OBJC_ROOT_CLASS = YES_ERROR;
				CLANG_WARN_UNREACHABLE_CODE = YES;
				CLANG_WARN__DUPLICATE_METHOD_MATCH = YES;
				"CODE_SIGN_IDENTITY[sdk=iphoneos*]" = "iPhone Developer";
				COPY_PHASE_STRIP = YES;
				ENABLE_NS_ASSERTIONS = NO;
				ENABLE_STRICT_OBJC_MSGSEND = YES;
				GCC_C_LANGUAGE_STANDARD = gnu99;
				GCC_WARN_64_TO_32_BIT_CONVERSION = YES;
				GCC_WARN_ABOUT_RETURN_TYPE = YES_ERROR;
				GCC_WARN_UNDECLARED_SELECTOR = YES;
				GCC_WARN_UNINITIALIZED_AUTOS = YES_AGGRESSIVE;
				GCC_WARN_UNUSED_FUNCTION = YES;
				GCC_WARN_UNUSED_VARIABLE = YES;
				IPHONEOS_DEPLOYMENT_TARGET = 8.1;
				MTL_ENABLE_DEBUG_INFO = NO;
				SDKROOT = iphoneos;
				VALIDATE_PRODUCT = YES;
			};
			name = Release;
		};
		D941A1DE1A8048C500606AF0 /* Debug */ = {
			isa = XCBuildConfiguration;
			buildSettings = {
				ASSETCATALOG_COMPILER_APPICON_NAME = AppIcon;
				EMBEDDED_CONTENT_CONTAINS_SWIFT = YES;
				INFOPLIST_FILE = RufRuf/Info.plist;
				LD_RUNPATH_SEARCH_PATHS = "$(inherited) @executable_path/Frameworks";
				PRODUCT_NAME = "$(TARGET_NAME)";
			};
			name = Debug;
		};
		D941A1DF1A8048C500606AF0 /* Release */ = {
			isa = XCBuildConfiguration;
			buildSettings = {
				ASSETCATALOG_COMPILER_APPICON_NAME = AppIcon;
				EMBEDDED_CONTENT_CONTAINS_SWIFT = YES;
				INFOPLIST_FILE = RufRuf/Info.plist;
				LD_RUNPATH_SEARCH_PATHS = "$(inherited) @executable_path/Frameworks";
				PRODUCT_NAME = "$(TARGET_NAME)";
			};
			name = Release;
		};
		D941A1E11A8048C500606AF0 /* Debug */ = {
			isa = XCBuildConfiguration;
			buildSettings = {
				BUNDLE_LOADER = "$(TEST_HOST)";
				FRAMEWORK_SEARCH_PATHS = (
					"$(SDKROOT)/Developer/Library/Frameworks",
					"$(inherited)",
				);
				GCC_PREPROCESSOR_DEFINITIONS = (
					"DEBUG=1",
					"$(inherited)",
				);
				INFOPLIST_FILE = RufRufTests/Info.plist;
				LD_RUNPATH_SEARCH_PATHS = "$(inherited) @executable_path/Frameworks @loader_path/Frameworks";
				PRODUCT_NAME = "$(TARGET_NAME)";
				TEST_HOST = "$(BUILT_PRODUCTS_DIR)/RufRuf.app/RufRuf";
			};
			name = Debug;
		};
		D941A1E21A8048C500606AF0 /* Release */ = {
			isa = XCBuildConfiguration;
			buildSettings = {
				BUNDLE_LOADER = "$(TEST_HOST)";
				FRAMEWORK_SEARCH_PATHS = (
					"$(SDKROOT)/Developer/Library/Frameworks",
					"$(inherited)",
				);
				INFOPLIST_FILE = RufRufTests/Info.plist;
				LD_RUNPATH_SEARCH_PATHS = "$(inherited) @executable_path/Frameworks @loader_path/Frameworks";
				PRODUCT_NAME = "$(TARGET_NAME)";
				TEST_HOST = "$(BUILT_PRODUCTS_DIR)/RufRuf.app/RufRuf";
			};
			name = Release;
		};
		D9E54FCB1A818CFD007E9BE3 /* Debug */ = {
			isa = XCBuildConfiguration;
			buildSettings = {
				GCC_PREPROCESSOR_DEFINITIONS = (
					"DEBUG=1",
					"$(inherited)",
				);
				INFOPLIST_FILE = "RufRuf WatchKit Extension/Info.plist";
				IPHONEOS_DEPLOYMENT_TARGET = 8.2;
				LD_RUNPATH_SEARCH_PATHS = "$(inherited) @executable_path/Frameworks @executable_path/../../Frameworks";
				PRODUCT_NAME = "${TARGET_NAME}";
				SKIP_INSTALL = YES;
			};
			name = Debug;
		};
		D9E54FCC1A818CFD007E9BE3 /* Release */ = {
			isa = XCBuildConfiguration;
			buildSettings = {
				COPY_PHASE_STRIP = NO;
				INFOPLIST_FILE = "RufRuf WatchKit Extension/Info.plist";
				IPHONEOS_DEPLOYMENT_TARGET = 8.2;
				LD_RUNPATH_SEARCH_PATHS = "$(inherited) @executable_path/Frameworks @executable_path/../../Frameworks";
				PRODUCT_NAME = "${TARGET_NAME}";
				SKIP_INSTALL = YES;
			};
			name = Release;
		};
		D9E54FCD1A818CFD007E9BE3 /* Debug */ = {
			isa = XCBuildConfiguration;
			buildSettings = {
				ASSETCATALOG_COMPILER_APPICON_NAME = AppIcon;
				GCC_PREPROCESSOR_DEFINITIONS = (
					"DEBUG=1",
					"$(inherited)",
				);
				IBSC_MODULE = RufRuf_WatchKit_Extension;
				INFOPLIST_FILE = "RufRuf WatchKit App/Info.plist";
				IPHONEOS_DEPLOYMENT_TARGET = 8.2;
				PRODUCT_NAME = "$(TARGET_NAME)";
				SKIP_INSTALL = YES;
				TARGETED_DEVICE_FAMILY = 4;
				"TARGETED_DEVICE_FAMILY[sdk=iphonesimulator*]" = "1,4";
			};
			name = Debug;
		};
		D9E54FCE1A818CFD007E9BE3 /* Release */ = {
			isa = XCBuildConfiguration;
			buildSettings = {
				ASSETCATALOG_COMPILER_APPICON_NAME = AppIcon;
				COPY_PHASE_STRIP = NO;
				IBSC_MODULE = RufRuf_WatchKit_Extension;
				INFOPLIST_FILE = "RufRuf WatchKit App/Info.plist";
				IPHONEOS_DEPLOYMENT_TARGET = 8.2;
				PRODUCT_NAME = "$(TARGET_NAME)";
				SKIP_INSTALL = YES;
				TARGETED_DEVICE_FAMILY = 4;
				"TARGETED_DEVICE_FAMILY[sdk=iphonesimulator*]" = "1,4";
			};
			name = Release;
		};
/* End XCBuildConfiguration section */

/* Begin XCConfigurationList section */
		D941A1B91A8048C400606AF0 /* Build configuration list for PBXProject "RufRuf" */ = {
			isa = XCConfigurationList;
			buildConfigurations = (
				D941A1DB1A8048C500606AF0 /* Debug */,
				D941A1DC1A8048C500606AF0 /* Release */,
			);
			defaultConfigurationIsVisible = 0;
			defaultConfigurationName = Release;
		};
		D941A1DD1A8048C500606AF0 /* Build configuration list for PBXNativeTarget "RufRuf" */ = {
			isa = XCConfigurationList;
			buildConfigurations = (
				D941A1DE1A8048C500606AF0 /* Debug */,
				D941A1DF1A8048C500606AF0 /* Release */,
			);
			defaultConfigurationIsVisible = 0;
			defaultConfigurationName = Release;
		};
		D941A1E01A8048C500606AF0 /* Build configuration list for PBXNativeTarget "RufRufTests" */ = {
			isa = XCConfigurationList;
			buildConfigurations = (
				D941A1E11A8048C500606AF0 /* Debug */,
				D941A1E21A8048C500606AF0 /* Release */,
			);
			defaultConfigurationIsVisible = 0;
			defaultConfigurationName = Release;
		};
		D9E54FCF1A818CFD007E9BE3 /* Build configuration list for PBXNativeTarget "RufRuf WatchKit App" */ = {
			isa = XCConfigurationList;
			buildConfigurations = (
				D9E54FCD1A818CFD007E9BE3 /* Debug */,
				D9E54FCE1A818CFD007E9BE3 /* Release */,
			);
			defaultConfigurationIsVisible = 0;
			defaultConfigurationName = Release;
		};
		D9E54FD01A818CFD007E9BE3 /* Build configuration list for PBXNativeTarget "RufRuf WatchKit Extension" */ = {
			isa = XCConfigurationList;
			buildConfigurations = (
				D9E54FCB1A818CFD007E9BE3 /* Debug */,
				D9E54FCC1A818CFD007E9BE3 /* Release */,
			);
			defaultConfigurationIsVisible = 0;
			defaultConfigurationName = Release;
		};
/* End XCConfigurationList section */
	};
	rootObject = D941A1B61A8048C400606AF0 /* Project object */;
}
